
Microsoft Visual Studio Solution File, Format Version 12.00
# Visual Studio Version 16
VisualStudioVersion = 16.0.29926.136
MinimumVisualStudioVersion = 10.0.40219.1
Project("{9A19103F-16F7-4668-BE54-9A1E7A4F7556}") = "Yoakke.Compiler", "Yoakke.Compiler\Yoakke.Compiler.csproj", "{48C28B05-FF79-450D-B0F2-0B2690DB8C5B}"
EndProject
Project("{9A19103F-16F7-4668-BE54-9A1E7A4F7556}") = "Yoakke.Compiler.Tests", "Yoakke.Compiler.Tests\Yoakke.Compiler.Tests.csproj", "{96150D79-2813-4348-8D8F-8D60AC4223AE}"
EndProject
Project("{9A19103F-16F7-4668-BE54-9A1E7A4F7556}") = "Yoakke.Lir", "Yoakke.Lir\Yoakke.Lir.csproj", "{DF5C60A4-5171-4228-A0B6-2A015CF7B512}"
EndProject
Project("{9A19103F-16F7-4668-BE54-9A1E7A4F7556}") = "Yoakke.Text", "Yoakke.Text\Yoakke.Text.csproj", "{D4A867EA-EF9F-4C9A-91B7-1CD628065197}"
EndProject
Project("{9A19103F-16F7-4668-BE54-9A1E7A4F7556}") = "Yoakke.DataStructures", "Yoakke.DataStructures\Yoakke.DataStructures.csproj", "{95BB0709-0123-4735-BC12-FBE824E14516}"
EndProject
Project("{9A19103F-16F7-4668-BE54-9A1E7A4F7556}") = "Yoakke.Lir.Tests", "Yoakke.Lir.Tests\Yoakke.Lir.Tests.csproj", "{339DB68D-8AAF-4C3B-BC32-C880BFE4DB3D}"
EndProject
Project("{9A19103F-16F7-4668-BE54-9A1E7A4F7556}") = "Yoakke.DataStructures.Tests", "Yoakke.DataStructures.Tests\Yoakke.DataStructures.Tests.csproj", "{51F01340-D25A-4B9D-A441-8D5F4D0F43B4}"
EndProject
Project("{9A19103F-16F7-4668-BE54-9A1E7A4F7556}") = "Yoakke.Syntax", "Yoakke.Syntax\Yoakke.Syntax.csproj", "{8D16F038-C349-4424-8980-D16F165EF34C}"
EndProject
Project("{9A19103F-16F7-4668-BE54-9A1E7A4F7556}") = "Yoakke.C.Syntax", "Yoakke.C.Syntax\Yoakke.C.Syntax.csproj", "{D8373CEF-CA96-407B-8A15-3FA06F278CDB}"
EndProject
Project("{9A19103F-16F7-4668-BE54-9A1E7A4F7556}") = "Yoakke.Reporting", "Yoakke.Reporting\Yoakke.Reporting.csproj", "{57AE7E53-E451-411B-A6D9-F296B8B5BEB1}"
EndProject
Project("{9A19103F-16F7-4668-BE54-9A1E7A4F7556}") = "Yoakke.Reporting.Tests", "Yoakke.Reporting.Tests\Yoakke.Reporting.Tests.csproj", "{2B6BABA7-8C44-4B32-8160-FA224FBD4331}"
EndProject
Project("{9A19103F-16F7-4668-BE54-9A1E7A4F7556}") = "Yoakke.LanguageServer", "Yoakke.LanguageServer\Yoakke.LanguageServer.csproj", "{4780B74D-73D8-4BC0-ADC7-343D3894269D}"
EndProject
Project("{9A19103F-16F7-4668-BE54-9A1E7A4F7556}") = "Yoakke.Dependency", "Yoakke.Dependency\Yoakke.Dependency.csproj", "{2ED82B68-1B84-4E7F-B27A-BCC6870C770A}"
EndProject
Project("{9A19103F-16F7-4668-BE54-9A1E7A4F7556}") = "Yoakke.Dependency.Generator", "Yoakke.Dependency.Generator\Yoakke.Dependency.Generator.csproj", "{8005039E-621A-4CA1-BB8C-6F78C6F291A1}"
EndProject
Project("{FAE04EC0-301F-11D3-BF4B-00C04F79EFBC}") = "Yoakke.Dependency.Tests", "Yoakke.Dependency.Tests\Yoakke.Dependency.Tests.csproj", "{5D72D0B1-F2E2-4C6B-B6FB-BB87B7AEC12A}"
EndProject
Global
	GlobalSection(SolutionConfigurationPlatforms) = preSolution
		Debug|Any CPU = Debug|Any CPU
		Debug|x86 = Debug|x86
		Release|Any CPU = Release|Any CPU
		Release|x86 = Release|x86
	EndGlobalSection
	GlobalSection(ProjectConfigurationPlatforms) = postSolution
		{48C28B05-FF79-450D-B0F2-0B2690DB8C5B}.Debug|Any CPU.ActiveCfg = Debug|Any CPU
		{48C28B05-FF79-450D-B0F2-0B2690DB8C5B}.Debug|Any CPU.Build.0 = Debug|Any CPU
		{48C28B05-FF79-450D-B0F2-0B2690DB8C5B}.Debug|x86.ActiveCfg = Debug|x86
		{48C28B05-FF79-450D-B0F2-0B2690DB8C5B}.Debug|x86.Build.0 = Debug|x86
		{48C28B05-FF79-450D-B0F2-0B2690DB8C5B}.Release|Any CPU.ActiveCfg = Release|Any CPU
		{48C28B05-FF79-450D-B0F2-0B2690DB8C5B}.Release|Any CPU.Build.0 = Release|Any CPU
		{48C28B05-FF79-450D-B0F2-0B2690DB8C5B}.Release|x86.ActiveCfg = Release|Any CPU
		{48C28B05-FF79-450D-B0F2-0B2690DB8C5B}.Release|x86.Build.0 = Release|Any CPU
		{96150D79-2813-4348-8D8F-8D60AC4223AE}.Debug|Any CPU.ActiveCfg = Debug|Any CPU
		{96150D79-2813-4348-8D8F-8D60AC4223AE}.Debug|Any CPU.Build.0 = Debug|Any CPU
		{96150D79-2813-4348-8D8F-8D60AC4223AE}.Debug|x86.ActiveCfg = Debug|x86
		{96150D79-2813-4348-8D8F-8D60AC4223AE}.Debug|x86.Build.0 = Debug|x86
		{96150D79-2813-4348-8D8F-8D60AC4223AE}.Release|Any CPU.ActiveCfg = Release|Any CPU
		{96150D79-2813-4348-8D8F-8D60AC4223AE}.Release|Any CPU.Build.0 = Release|Any CPU
		{96150D79-2813-4348-8D8F-8D60AC4223AE}.Release|x86.ActiveCfg = Release|x86
		{96150D79-2813-4348-8D8F-8D60AC4223AE}.Release|x86.Build.0 = Release|x86
		{DF5C60A4-5171-4228-A0B6-2A015CF7B512}.Debug|Any CPU.ActiveCfg = Debug|Any CPU
		{DF5C60A4-5171-4228-A0B6-2A015CF7B512}.Debug|Any CPU.Build.0 = Debug|Any CPU
		{DF5C60A4-5171-4228-A0B6-2A015CF7B512}.Debug|x86.ActiveCfg = Debug|Any CPU
		{DF5C60A4-5171-4228-A0B6-2A015CF7B512}.Debug|x86.Build.0 = Debug|Any CPU
		{DF5C60A4-5171-4228-A0B6-2A015CF7B512}.Release|Any CPU.ActiveCfg = Release|Any CPU
		{DF5C60A4-5171-4228-A0B6-2A015CF7B512}.Release|Any CPU.Build.0 = Release|Any CPU
		{DF5C60A4-5171-4228-A0B6-2A015CF7B512}.Release|x86.ActiveCfg = Release|Any CPU
		{DF5C60A4-5171-4228-A0B6-2A015CF7B512}.Release|x86.Build.0 = Release|Any CPU
		{D4A867EA-EF9F-4C9A-91B7-1CD628065197}.Debug|Any CPU.ActiveCfg = Debug|Any CPU
		{D4A867EA-EF9F-4C9A-91B7-1CD628065197}.Debug|Any CPU.Build.0 = Debug|Any CPU
		{D4A867EA-EF9F-4C9A-91B7-1CD628065197}.Debug|x86.ActiveCfg = Debug|Any CPU
		{D4A867EA-EF9F-4C9A-91B7-1CD628065197}.Debug|x86.Build.0 = Debug|Any CPU
		{D4A867EA-EF9F-4C9A-91B7-1CD628065197}.Release|Any CPU.ActiveCfg = Release|Any CPU
		{D4A867EA-EF9F-4C9A-91B7-1CD628065197}.Release|Any CPU.Build.0 = Release|Any CPU
		{D4A867EA-EF9F-4C9A-91B7-1CD628065197}.Release|x86.ActiveCfg = Release|Any CPU
		{D4A867EA-EF9F-4C9A-91B7-1CD628065197}.Release|x86.Build.0 = Release|Any CPU
		{95BB0709-0123-4735-BC12-FBE824E14516}.Debug|Any CPU.ActiveCfg = Debug|Any CPU
		{95BB0709-0123-4735-BC12-FBE824E14516}.Debug|Any CPU.Build.0 = Debug|Any CPU
		{95BB0709-0123-4735-BC12-FBE824E14516}.Debug|x86.ActiveCfg = Debug|Any CPU
		{95BB0709-0123-4735-BC12-FBE824E14516}.Debug|x86.Build.0 = Debug|Any CPU
		{95BB0709-0123-4735-BC12-FBE824E14516}.Release|Any CPU.ActiveCfg = Release|Any CPU
		{95BB0709-0123-4735-BC12-FBE824E14516}.Release|Any CPU.Build.0 = Release|Any CPU
		{95BB0709-0123-4735-BC12-FBE824E14516}.Release|x86.ActiveCfg = Release|Any CPU
		{95BB0709-0123-4735-BC12-FBE824E14516}.Release|x86.Build.0 = Release|Any CPU
		{339DB68D-8AAF-4C3B-BC32-C880BFE4DB3D}.Debug|Any CPU.ActiveCfg = Debug|Any CPU
		{339DB68D-8AAF-4C3B-BC32-C880BFE4DB3D}.Debug|Any CPU.Build.0 = Debug|Any CPU
		{339DB68D-8AAF-4C3B-BC32-C880BFE4DB3D}.Debug|x86.ActiveCfg = Debug|Any CPU
		{339DB68D-8AAF-4C3B-BC32-C880BFE4DB3D}.Debug|x86.Build.0 = Debug|Any CPU
		{339DB68D-8AAF-4C3B-BC32-C880BFE4DB3D}.Release|Any CPU.ActiveCfg = Release|Any CPU
		{339DB68D-8AAF-4C3B-BC32-C880BFE4DB3D}.Release|Any CPU.Build.0 = Release|Any CPU
		{339DB68D-8AAF-4C3B-BC32-C880BFE4DB3D}.Release|x86.ActiveCfg = Release|Any CPU
		{339DB68D-8AAF-4C3B-BC32-C880BFE4DB3D}.Release|x86.Build.0 = Release|Any CPU
		{51F01340-D25A-4B9D-A441-8D5F4D0F43B4}.Debug|Any CPU.ActiveCfg = Debug|Any CPU
		{51F01340-D25A-4B9D-A441-8D5F4D0F43B4}.Debug|Any CPU.Build.0 = Debug|Any CPU
		{51F01340-D25A-4B9D-A441-8D5F4D0F43B4}.Debug|x86.ActiveCfg = Debug|Any CPU
		{51F01340-D25A-4B9D-A441-8D5F4D0F43B4}.Debug|x86.Build.0 = Debug|Any CPU
		{51F01340-D25A-4B9D-A441-8D5F4D0F43B4}.Release|Any CPU.ActiveCfg = Release|Any CPU
		{51F01340-D25A-4B9D-A441-8D5F4D0F43B4}.Release|Any CPU.Build.0 = Release|Any CPU
		{51F01340-D25A-4B9D-A441-8D5F4D0F43B4}.Release|x86.ActiveCfg = Release|Any CPU
		{51F01340-D25A-4B9D-A441-8D5F4D0F43B4}.Release|x86.Build.0 = Release|Any CPU
		{8D16F038-C349-4424-8980-D16F165EF34C}.Debug|Any CPU.ActiveCfg = Debug|Any CPU
		{8D16F038-C349-4424-8980-D16F165EF34C}.Debug|Any CPU.Build.0 = Debug|Any CPU
		{8D16F038-C349-4424-8980-D16F165EF34C}.Debug|x86.ActiveCfg = Debug|Any CPU
		{8D16F038-C349-4424-8980-D16F165EF34C}.Debug|x86.Build.0 = Debug|Any CPU
		{8D16F038-C349-4424-8980-D16F165EF34C}.Release|Any CPU.ActiveCfg = Release|Any CPU
		{8D16F038-C349-4424-8980-D16F165EF34C}.Release|Any CPU.Build.0 = Release|Any CPU
		{8D16F038-C349-4424-8980-D16F165EF34C}.Release|x86.ActiveCfg = Release|Any CPU
		{8D16F038-C349-4424-8980-D16F165EF34C}.Release|x86.Build.0 = Release|Any CPU
		{D8373CEF-CA96-407B-8A15-3FA06F278CDB}.Debug|Any CPU.ActiveCfg = Debug|Any CPU
		{D8373CEF-CA96-407B-8A15-3FA06F278CDB}.Debug|Any CPU.Build.0 = Debug|Any CPU
		{D8373CEF-CA96-407B-8A15-3FA06F278CDB}.Debug|x86.ActiveCfg = Debug|Any CPU
		{D8373CEF-CA96-407B-8A15-3FA06F278CDB}.Debug|x86.Build.0 = Debug|Any CPU
		{D8373CEF-CA96-407B-8A15-3FA06F278CDB}.Release|Any CPU.ActiveCfg = Release|Any CPU
		{D8373CEF-CA96-407B-8A15-3FA06F278CDB}.Release|Any CPU.Build.0 = Release|Any CPU
		{D8373CEF-CA96-407B-8A15-3FA06F278CDB}.Release|x86.ActiveCfg = Release|Any CPU
		{D8373CEF-CA96-407B-8A15-3FA06F278CDB}.Release|x86.Build.0 = Release|Any CPU
		{57AE7E53-E451-411B-A6D9-F296B8B5BEB1}.Debug|Any CPU.ActiveCfg = Debug|Any CPU
		{57AE7E53-E451-411B-A6D9-F296B8B5BEB1}.Debug|Any CPU.Build.0 = Debug|Any CPU
		{57AE7E53-E451-411B-A6D9-F296B8B5BEB1}.Debug|x86.ActiveCfg = Debug|Any CPU
		{57AE7E53-E451-411B-A6D9-F296B8B5BEB1}.Debug|x86.Build.0 = Debug|Any CPU
		{57AE7E53-E451-411B-A6D9-F296B8B5BEB1}.Release|Any CPU.ActiveCfg = Release|Any CPU
		{57AE7E53-E451-411B-A6D9-F296B8B5BEB1}.Release|Any CPU.Build.0 = Release|Any CPU
		{57AE7E53-E451-411B-A6D9-F296B8B5BEB1}.Release|x86.ActiveCfg = Release|Any CPU
		{57AE7E53-E451-411B-A6D9-F296B8B5BEB1}.Release|x86.Build.0 = Release|Any CPU
		{2B6BABA7-8C44-4B32-8160-FA224FBD4331}.Debug|Any CPU.ActiveCfg = Debug|Any CPU
		{2B6BABA7-8C44-4B32-8160-FA224FBD4331}.Debug|Any CPU.Build.0 = Debug|Any CPU
		{2B6BABA7-8C44-4B32-8160-FA224FBD4331}.Debug|x86.ActiveCfg = Debug|Any CPU
		{2B6BABA7-8C44-4B32-8160-FA224FBD4331}.Debug|x86.Build.0 = Debug|Any CPU
		{2B6BABA7-8C44-4B32-8160-FA224FBD4331}.Release|Any CPU.ActiveCfg = Release|Any CPU
		{2B6BABA7-8C44-4B32-8160-FA224FBD4331}.Release|Any CPU.Build.0 = Release|Any CPU
		{2B6BABA7-8C44-4B32-8160-FA224FBD4331}.Release|x86.ActiveCfg = Release|Any CPU
		{2B6BABA7-8C44-4B32-8160-FA224FBD4331}.Release|x86.Build.0 = Release|Any CPU
		{4780B74D-73D8-4BC0-ADC7-343D3894269D}.Debug|Any CPU.ActiveCfg = Debug|Any CPU
		{4780B74D-73D8-4BC0-ADC7-343D3894269D}.Debug|Any CPU.Build.0 = Debug|Any CPU
		{4780B74D-73D8-4BC0-ADC7-343D3894269D}.Debug|x86.ActiveCfg = Debug|Any CPU
		{4780B74D-73D8-4BC0-ADC7-343D3894269D}.Debug|x86.Build.0 = Debug|Any CPU
		{4780B74D-73D8-4BC0-ADC7-343D3894269D}.Release|Any CPU.ActiveCfg = Release|Any CPU
		{4780B74D-73D8-4BC0-ADC7-343D3894269D}.Release|Any CPU.Build.0 = Release|Any CPU
		{4780B74D-73D8-4BC0-ADC7-343D3894269D}.Release|x86.ActiveCfg = Release|Any CPU
		{4780B74D-73D8-4BC0-ADC7-343D3894269D}.Release|x86.Build.0 = Release|Any CPU
		{2ED82B68-1B84-4E7F-B27A-BCC6870C770A}.Debug|Any CPU.ActiveCfg = Debug|Any CPU
		{2ED82B68-1B84-4E7F-B27A-BCC6870C770A}.Debug|Any CPU.Build.0 = Debug|Any CPU
		{2ED82B68-1B84-4E7F-B27A-BCC6870C770A}.Debug|x86.ActiveCfg = Debug|Any CPU
		{2ED82B68-1B84-4E7F-B27A-BCC6870C770A}.Debug|x86.Build.0 = Debug|Any CPU
		{2ED82B68-1B84-4E7F-B27A-BCC6870C770A}.Release|Any CPU.ActiveCfg = Release|Any CPU
		{2ED82B68-1B84-4E7F-B27A-BCC6870C770A}.Release|Any CPU.Build.0 = Release|Any CPU
		{2ED82B68-1B84-4E7F-B27A-BCC6870C770A}.Release|x86.ActiveCfg = Release|Any CPU
		{2ED82B68-1B84-4E7F-B27A-BCC6870C770A}.Release|x86.Build.0 = Release|Any CPU
		{8005039E-621A-4CA1-BB8C-6F78C6F291A1}.Debug|Any CPU.ActiveCfg = Debug|Any CPU
		{8005039E-621A-4CA1-BB8C-6F78C6F291A1}.Debug|Any CPU.Build.0 = Debug|Any CPU
		{8005039E-621A-4CA1-BB8C-6F78C6F291A1}.Debug|x86.ActiveCfg = Debug|Any CPU
		{8005039E-621A-4CA1-BB8C-6F78C6F291A1}.Debug|x86.Build.0 = Debug|Any CPU
		{8005039E-621A-4CA1-BB8C-6F78C6F291A1}.Release|Any CPU.ActiveCfg = Release|Any CPU
		{8005039E-621A-4CA1-BB8C-6F78C6F291A1}.Release|Any CPU.Build.0 = Release|Any CPU
		{8005039E-621A-4CA1-BB8C-6F78C6F291A1}.Release|x86.ActiveCfg = Release|Any CPU
		{8005039E-621A-4CA1-BB8C-6F78C6F291A1}.Release|x86.Build.0 = Release|Any CPU
		{5D72D0B1-F2E2-4C6B-B6FB-BB87B7AEC12A}.Debug|Any CPU.ActiveCfg = Debug|Any CPU
		{5D72D0B1-F2E2-4C6B-B6FB-BB87B7AEC12A}.Debug|Any CPU.Build.0 = Debug|Any CPU
		{5D72D0B1-F2E2-4C6B-B6FB-BB87B7AEC12A}.Debug|x86.ActiveCfg = Debug|Any CPU
		{5D72D0B1-F2E2-4C6B-B6FB-BB87B7AEC12A}.Debug|x86.Build.0 = Debug|Any CPU
		{5D72D0B1-F2E2-4C6B-B6FB-BB87B7AEC12A}.Release|Any CPU.ActiveCfg = Release|Any CPU
		{5D72D0B1-F2E2-4C6B-B6FB-BB87B7AEC12A}.Release|Any CPU.Build.0 = Release|Any CPU
		{5D72D0B1-F2E2-4C6B-B6FB-BB87B7AEC12A}.Release|x86.ActiveCfg = Release|Any CPU
		{5D72D0B1-F2E2-4C6B-B6FB-BB87B7AEC12A}.Release|x86.Build.0 = Release|Any CPU
	EndGlobalSection
	GlobalSection(SolutionProperties) = preSolution
		HideSolutionNode = FALSE
	EndGlobalSection
	GlobalSection(ExtensibilityGlobals) = postSolution
		SolutionGuid = {2353C60B-1E23-4069-876F-E7BC280522F5}
	EndGlobalSection
EndGlobal
