
Microsoft Visual Studio Solution File, Format Version 12.00
# Visual Studio Version 16
VisualStudioVersion = 16.0.29926.136
MinimumVisualStudioVersion = 10.0.40219.1
Project("{9A19103F-16F7-4668-BE54-9A1E7A4F7556}") = "Yoakke.Compiler", "Yoakke.Compiler\Yoakke.Compiler.csproj", "{48C28B05-FF79-450D-B0F2-0B2690DB8C5B}"
EndProject
Project("{FAE04EC0-301F-11D3-BF4B-00C04F79EFBC}") = "Yoakke.Compiler.Tests", "Yoakke.Compiler.Tests\Yoakke.Compiler.Tests.csproj", "{96150D79-2813-4348-8D8F-8D60AC4223AE}"
EndProject
Global
	GlobalSection(SolutionConfigurationPlatforms) = preSolution
		Debug|Any CPU = Debug|Any CPU
		Debug|x86 = Debug|x86
		Release|Any CPU = Release|Any CPU
		Release|x86 = Release|x86
	EndGlobalSection
	GlobalSection(ProjectConfigurationPlatforms) = postSolution
		{48C28B05-FF79-450D-B0F2-0B2690DB8C5B}.Debug|Any CPU.ActiveCfg = Debug|Any CPU
		{48C28B05-FF79-450D-B0F2-0B2690DB8C5B}.Debug|Any CPU.Build.0 = Debug|Any CPU
		{48C28B05-FF79-450D-B0F2-0B2690DB8C5B}.Debug|x86.ActiveCfg = Debug|Any CPU
		{48C28B05-FF79-450D-B0F2-0B2690DB8C5B}.Debug|x86.Build.0 = Debug|Any CPU
		{48C28B05-FF79-450D-B0F2-0B2690DB8C5B}.Release|Any CPU.ActiveCfg = Release|Any CPU
		{48C28B05-FF79-450D-B0F2-0B2690DB8C5B}.Release|Any CPU.Build.0 = Release|Any CPU
		{48C28B05-FF79-450D-B0F2-0B2690DB8C5B}.Release|x86.ActiveCfg = Release|Any CPU
		{48C28B05-FF79-450D-B0F2-0B2690DB8C5B}.Release|x86.Build.0 = Release|Any CPU
		{96150D79-2813-4348-8D8F-8D60AC4223AE}.Debug|Any CPU.ActiveCfg = Debug|Any CPU
		{96150D79-2813-4348-8D8F-8D60AC4223AE}.Debug|Any CPU.Build.0 = Debug|Any CPU
		{96150D79-2813-4348-8D8F-8D60AC4223AE}.Debug|x86.ActiveCfg = Debug|x86
		{96150D79-2813-4348-8D8F-8D60AC4223AE}.Debug|x86.Build.0 = Debug|x86
		{96150D79-2813-4348-8D8F-8D60AC4223AE}.Release|Any CPU.ActiveCfg = Release|Any CPU
		{96150D79-2813-4348-8D8F-8D60AC4223AE}.Release|Any CPU.Build.0 = Release|Any CPU
		{96150D79-2813-4348-8D8F-8D60AC4223AE}.Release|x86.ActiveCfg = Release|x86
		{96150D79-2813-4348-8D8F-8D60AC4223AE}.Release|x86.Build.0 = Release|x86
	EndGlobalSection
	GlobalSection(SolutionProperties) = preSolution
		HideSolutionNode = FALSE
	EndGlobalSection
	GlobalSection(ExtensibilityGlobals) = postSolution
		SolutionGuid = {2353C60B-1E23-4069-876F-E7BC280522F5}
	EndGlobalSection
EndGlobal
